// !$*UTF8*$!
{
	archiveVersion = 1;
	classes = {
	};
	objectVersion = 50;
	objects = {

/* Begin PBXBuildFile section */
		09B296B97AE622E6261FC38A /* libPods-GD.Converter.a in Frameworks */ = {isa = PBXBuildFile; fileRef = C431799AF410EBD21AC7B86A /* libPods-GD.Converter.a */; };
		FABD9F3F224B27CD0038D525 /* AppDelegateFunctions.swift in Sources */ = {isa = PBXBuildFile; fileRef = FABD9F3D224B27CD0038D525 /* AppDelegateFunctions.swift */; };
		FABD9F40224B27CD0038D525 /* AppDelegate.swift in Sources */ = {isa = PBXBuildFile; fileRef = FABD9F3E224B27CD0038D525 /* AppDelegate.swift */; };
		FABD9F91224B28CC0038D525 /* Session.swift in Sources */ = {isa = PBXBuildFile; fileRef = FABD9F90224B28CC0038D525 /* Session.swift */; };
		FABD9F95224B28D90038D525 /* SessionTransferData.swift in Sources */ = {isa = PBXBuildFile; fileRef = FABD9F94224B28D90038D525 /* SessionTransferData.swift */; };
		FABD9F99224B29240038D525 /* ChangeConstraintProtocol.swift in Sources */ = {isa = PBXBuildFile; fileRef = FABD9F98224B29240038D525 /* ChangeConstraintProtocol.swift */; };
		FABD9F9B224B292D0038D525 /* ConverterProtocol.swift in Sources */ = {isa = PBXBuildFile; fileRef = FABD9F9A224B292D0038D525 /* ConverterProtocol.swift */; };
		FABD9FA0224B29A80038D525 /* StringProject.swift in Sources */ = {isa = PBXBuildFile; fileRef = FABD9F9F224B29A80038D525 /* StringProject.swift */; };
		FABD9FA5224B29FA0038D525 /* Alerts.swift in Sources */ = {isa = PBXBuildFile; fileRef = FABD9FA4224B29FA0038D525 /* Alerts.swift */; };
		FABD9FB3224B2A630038D525 /* PresentedAnimation.swift in Sources */ = {isa = PBXBuildFile; fileRef = FABD9FAF224B2A620038D525 /* PresentedAnimation.swift */; };
		FABD9FB4224B2A630038D525 /* CustomTrasition.swift in Sources */ = {isa = PBXBuildFile; fileRef = FABD9FB0224B2A620038D525 /* CustomTrasition.swift */; };
		FABD9FB5224B2A630038D525 /* DismissedAnimation.swift in Sources */ = {isa = PBXBuildFile; fileRef = FABD9FB1224B2A630038D525 /* DismissedAnimation.swift */; };
		FABD9FB6224B2A630038D525 /* SupportAnimation.swift in Sources */ = {isa = PBXBuildFile; fileRef = FABD9FB2224B2A630038D525 /* SupportAnimation.swift */; };
		FABD9FCB224B2BB70038D525 /* ID.swift in Sources */ = {isa = PBXBuildFile; fileRef = FABD9FCA224B2BB70038D525 /* ID.swift */; };
		FABD9FCD224B2BDB0038D525 /* DevicesSize.swift in Sources */ = {isa = PBXBuildFile; fileRef = FABD9FCC224B2BDB0038D525 /* DevicesSize.swift */; };
		FABD9FCF224B2BE10038D525 /* LoadJSONManagers.swift in Sources */ = {isa = PBXBuildFile; fileRef = FABD9FCE224B2BE10038D525 /* LoadJSONManagers.swift */; };
		FABD9FD1224B2BEC0038D525 /* NetworkManager.swift in Sources */ = {isa = PBXBuildFile; fileRef = FABD9FD0224B2BEC0038D525 /* NetworkManager.swift */; };
		FABD9FD3224B2C120038D525 /* API.swift in Sources */ = {isa = PBXBuildFile; fileRef = FABD9FD2224B2C120038D525 /* API.swift */; };
		FABD9FD6224B2C350038D525 /* Parameters.swift in Sources */ = {isa = PBXBuildFile; fileRef = FABD9FD5224B2C350038D525 /* Parameters.swift */; };
		FABD9FD8224B2C520038D525 /* Typealiase.swift in Sources */ = {isa = PBXBuildFile; fileRef = FABD9FD7224B2C520038D525 /* Typealiase.swift */; };
		FABD9FDF224B2C710038D525 /* Extension + UIActivityindicator.swift in Sources */ = {isa = PBXBuildFile; fileRef = FABD9FD9224B2C700038D525 /* Extension + UIActivityindicator.swift */; };
		FABD9FE0224B2C710038D525 /* Extension + UIViewController.swift in Sources */ = {isa = PBXBuildFile; fileRef = FABD9FDA224B2C700038D525 /* Extension + UIViewController.swift */; };
		FABD9FE1224B2C710038D525 /* Extension + UIView .swift in Sources */ = {isa = PBXBuildFile; fileRef = FABD9FDB224B2C700038D525 /* Extension + UIView .swift */; };
		FABD9FE2224B2C710038D525 /* Extension + UIStoryboard.swift in Sources */ = {isa = PBXBuildFile; fileRef = FABD9FDC224B2C710038D525 /* Extension + UIStoryboard.swift */; };
		FABD9FE3224B2C710038D525 /* Exyension + UIFont.swift in Sources */ = {isa = PBXBuildFile; fileRef = FABD9FDD224B2C710038D525 /* Exyension + UIFont.swift */; };
		FABD9FE4224B2C710038D525 /* Extension + UIResponder.swift in Sources */ = {isa = PBXBuildFile; fileRef = FABD9FDE224B2C710038D525 /* Extension + UIResponder.swift */; };
		FABD9FEA224B2CB10038D525 /* Color.xcassets in Resources */ = {isa = PBXBuildFile; fileRef = FABD9FE6224B2CAE0038D525 /* Color.xcassets */; };
		FABD9FEB224B2CB10038D525 /* Flag Icon.xcassets in Resources */ = {isa = PBXBuildFile; fileRef = FABD9FE7224B2CB10038D525 /* Flag Icon.xcassets */; };
		FABD9FEC224B2CB10038D525 /* Assets.xcassets in Resources */ = {isa = PBXBuildFile; fileRef = FABD9FE8224B2CB10038D525 /* Assets.xcassets */; };
		FABD9FED224B2CB10038D525 /* Icon.xcassets in Resources */ = {isa = PBXBuildFile; fileRef = FABD9FE9224B2CB10038D525 /* Icon.xcassets */; };
/* End PBXBuildFile section */

/* Begin PBXFileReference section */
		6BD53AD6613AFCAE5D5E1B22 /* Pods-GD.Converter.debug.xcconfig */ = {isa = PBXFileReference; includeInIndex = 1; lastKnownFileType = text.xcconfig; name = "Pods-GD.Converter.debug.xcconfig"; path = "Target Support Files/Pods-GD.Converter/Pods-GD.Converter.debug.xcconfig"; sourceTree = "<group>"; };
		C431799AF410EBD21AC7B86A /* libPods-GD.Converter.a */ = {isa = PBXFileReference; explicitFileType = archive.ar; includeInIndex = 0; path = "libPods-GD.Converter.a"; sourceTree = BUILT_PRODUCTS_DIR; };
		D223B2E2986FCF1603EB5ED5 /* Pods-GD.Converter.release.xcconfig */ = {isa = PBXFileReference; includeInIndex = 1; lastKnownFileType = text.xcconfig; name = "Pods-GD.Converter.release.xcconfig"; path = "Target Support Files/Pods-GD.Converter/Pods-GD.Converter.release.xcconfig"; sourceTree = "<group>"; };
		FABD9F26224B25D70038D525 /* GD.Converter.app */ = {isa = PBXFileReference; explicitFileType = wrapper.application; includeInIndex = 0; path = GD.Converter.app; sourceTree = BUILT_PRODUCTS_DIR; };
		FABD9F35224B25D70038D525 /* Info.plist */ = {isa = PBXFileReference; lastKnownFileType = text.plist.xml; path = Info.plist; sourceTree = "<group>"; };
		FABD9F3D224B27CD0038D525 /* AppDelegateFunctions.swift */ = {isa = PBXFileReference; fileEncoding = 4; lastKnownFileType = sourcecode.swift; path = AppDelegateFunctions.swift; sourceTree = "<group>"; };
		FABD9F3E224B27CD0038D525 /* AppDelegate.swift */ = {isa = PBXFileReference; fileEncoding = 4; lastKnownFileType = sourcecode.swift; path = AppDelegate.swift; sourceTree = "<group>"; };
		FABD9F90224B28CC0038D525 /* Session.swift */ = {isa = PBXFileReference; fileEncoding = 4; lastKnownFileType = sourcecode.swift; path = Session.swift; sourceTree = "<group>"; };
		FABD9F94224B28D90038D525 /* SessionTransferData.swift */ = {isa = PBXFileReference; fileEncoding = 4; lastKnownFileType = sourcecode.swift; path = SessionTransferData.swift; sourceTree = "<group>"; };
		FABD9F98224B29240038D525 /* ChangeConstraintProtocol.swift */ = {isa = PBXFileReference; fileEncoding = 4; lastKnownFileType = sourcecode.swift; path = ChangeConstraintProtocol.swift; sourceTree = "<group>"; };
		FABD9F9A224B292D0038D525 /* ConverterProtocol.swift */ = {isa = PBXFileReference; fileEncoding = 4; lastKnownFileType = sourcecode.swift; path = ConverterProtocol.swift; sourceTree = "<group>"; };
		FABD9F9F224B29A80038D525 /* StringProject.swift */ = {isa = PBXFileReference; fileEncoding = 4; lastKnownFileType = sourcecode.swift; path = StringProject.swift; sourceTree = "<group>"; };
		FABD9FA4224B29FA0038D525 /* Alerts.swift */ = {isa = PBXFileReference; fileEncoding = 4; lastKnownFileType = sourcecode.swift; path = Alerts.swift; sourceTree = "<group>"; };
		FABD9FAF224B2A620038D525 /* PresentedAnimation.swift */ = {isa = PBXFileReference; fileEncoding = 4; lastKnownFileType = sourcecode.swift; path = PresentedAnimation.swift; sourceTree = "<group>"; };
		FABD9FB0224B2A620038D525 /* CustomTrasition.swift */ = {isa = PBXFileReference; fileEncoding = 4; lastKnownFileType = sourcecode.swift; path = CustomTrasition.swift; sourceTree = "<group>"; };
		FABD9FB1224B2A630038D525 /* DismissedAnimation.swift */ = {isa = PBXFileReference; fileEncoding = 4; lastKnownFileType = sourcecode.swift; path = DismissedAnimation.swift; sourceTree = "<group>"; };
		FABD9FB2224B2A630038D525 /* SupportAnimation.swift */ = {isa = PBXFileReference; fileEncoding = 4; lastKnownFileType = sourcecode.swift; path = SupportAnimation.swift; sourceTree = "<group>"; };
		FABD9FCA224B2BB70038D525 /* ID.swift */ = {isa = PBXFileReference; fileEncoding = 4; lastKnownFileType = sourcecode.swift; path = ID.swift; sourceTree = "<group>"; };
		FABD9FCC224B2BDB0038D525 /* DevicesSize.swift */ = {isa = PBXFileReference; fileEncoding = 4; lastKnownFileType = sourcecode.swift; path = DevicesSize.swift; sourceTree = "<group>"; };
		FABD9FCE224B2BE10038D525 /* LoadJSONManagers.swift */ = {isa = PBXFileReference; fileEncoding = 4; lastKnownFileType = sourcecode.swift; path = LoadJSONManagers.swift; sourceTree = "<group>"; };
		FABD9FD0224B2BEC0038D525 /* NetworkManager.swift */ = {isa = PBXFileReference; fileEncoding = 4; lastKnownFileType = sourcecode.swift; path = NetworkManager.swift; sourceTree = "<group>"; };
		FABD9FD2224B2C120038D525 /* API.swift */ = {isa = PBXFileReference; fileEncoding = 4; lastKnownFileType = sourcecode.swift; path = API.swift; sourceTree = "<group>"; };
		FABD9FD5224B2C350038D525 /* Parameters.swift */ = {isa = PBXFileReference; fileEncoding = 4; lastKnownFileType = sourcecode.swift; path = Parameters.swift; sourceTree = "<group>"; };
		FABD9FD7224B2C520038D525 /* Typealiase.swift */ = {isa = PBXFileReference; fileEncoding = 4; lastKnownFileType = sourcecode.swift; path = Typealiase.swift; sourceTree = "<group>"; };
		FABD9FD9224B2C700038D525 /* Extension + UIActivityindicator.swift */ = {isa = PBXFileReference; fileEncoding = 4; lastKnownFileType = sourcecode.swift; path = "Extension + UIActivityindicator.swift"; sourceTree = "<group>"; };
		FABD9FDA224B2C700038D525 /* Extension + UIViewController.swift */ = {isa = PBXFileReference; fileEncoding = 4; lastKnownFileType = sourcecode.swift; path = "Extension + UIViewController.swift"; sourceTree = "<group>"; };
		FABD9FDB224B2C700038D525 /* Extension + UIView .swift */ = {isa = PBXFileReference; fileEncoding = 4; lastKnownFileType = sourcecode.swift; path = "Extension + UIView .swift"; sourceTree = "<group>"; };
		FABD9FDC224B2C710038D525 /* Extension + UIStoryboard.swift */ = {isa = PBXFileReference; fileEncoding = 4; lastKnownFileType = sourcecode.swift; path = "Extension + UIStoryboard.swift"; sourceTree = "<group>"; };
		FABD9FDD224B2C710038D525 /* Exyension + UIFont.swift */ = {isa = PBXFileReference; fileEncoding = 4; lastKnownFileType = sourcecode.swift; path = "Exyension + UIFont.swift"; sourceTree = "<group>"; };
		FABD9FDE224B2C710038D525 /* Extension + UIResponder.swift */ = {isa = PBXFileReference; fileEncoding = 4; lastKnownFileType = sourcecode.swift; path = "Extension + UIResponder.swift"; sourceTree = "<group>"; };
		FABD9FE6224B2CAE0038D525 /* Color.xcassets */ = {isa = PBXFileReference; lastKnownFileType = folder.assetcatalog; path = Color.xcassets; sourceTree = "<group>"; };
		FABD9FE7224B2CB10038D525 /* Flag Icon.xcassets */ = {isa = PBXFileReference; lastKnownFileType = folder.assetcatalog; path = "Flag Icon.xcassets"; sourceTree = "<group>"; };
		FABD9FE8224B2CB10038D525 /* Assets.xcassets */ = {isa = PBXFileReference; lastKnownFileType = folder.assetcatalog; path = Assets.xcassets; sourceTree = "<group>"; };
		FABD9FE9224B2CB10038D525 /* Icon.xcassets */ = {isa = PBXFileReference; lastKnownFileType = folder.assetcatalog; path = Icon.xcassets; sourceTree = "<group>"; };
/* End PBXFileReference section */

/* Begin PBXFrameworksBuildPhase section */
		FABD9F23224B25D70038D525 /* Frameworks */ = {
			isa = PBXFrameworksBuildPhase;
			buildActionMask = 2147483647;
			files = (
				09B296B97AE622E6261FC38A /* libPods-GD.Converter.a in Frameworks */,
			);
			runOnlyForDeploymentPostprocessing = 0;
		};
/* End PBXFrameworksBuildPhase section */

/* Begin PBXGroup section */
		9AF1F2C6042BAA8C62EEA408 /* Frameworks */ = {
			isa = PBXGroup;
			children = (
				C431799AF410EBD21AC7B86A /* libPods-GD.Converter.a */,
			);
			name = Frameworks;
			sourceTree = "<group>";
		};
		CF0638FBB691DF0D6E17D8ED /* Pods */ = {
			isa = PBXGroup;
			children = (
				6BD53AD6613AFCAE5D5E1B22 /* Pods-GD.Converter.debug.xcconfig */,
				D223B2E2986FCF1603EB5ED5 /* Pods-GD.Converter.release.xcconfig */,
			);
			path = Pods;
			sourceTree = "<group>";
		};
		FABD9F1D224B25D60038D525 = {
			isa = PBXGroup;
			children = (
				FABD9F28224B25D70038D525 /* GD.Converter */,
				FABD9F27224B25D70038D525 /* Products */,
				CF0638FBB691DF0D6E17D8ED /* Pods */,
				9AF1F2C6042BAA8C62EEA408 /* Frameworks */,
			);
			sourceTree = "<group>";
		};
		FABD9F27224B25D70038D525 /* Products */ = {
			isa = PBXGroup;
			children = (
				FABD9F26224B25D70038D525 /* GD.Converter.app */,
			);
			name = Products;
			sourceTree = "<group>";
		};
		FABD9F28224B25D70038D525 /* GD.Converter */ = {
			isa = PBXGroup;
			children = (
				FABD9FE5224B2C9A0038D525 /* Resource */,
				FABD9F3C224B27CD0038D525 /* AppDelegate */,
				FABD9FAE224B2A560038D525 /* CustomTransition */,
				FABD9F8F224B28BD0038D525 /* Protocols */,
				FABD9F9E224B29980038D525 /* StringProject */,
				FABD9FA3224B29EC0038D525 /* Alerts */,
				FABD9FB7224B2AAA0038D525 /* ID */,
				FABD9FB8224B2ABA0038D525 /* Managers */,
				FABD9FBA224B2ACF0038D525 /* Typealiase */,
				FABD9FBB224B2AD70038D525 /* Extension */,
				FABD9FB9224B2AC70038D525 /* API */,
				FABD9F3B224B25F80038D525 /* INfo-PList */,
			);
			path = GD.Converter;
			sourceTree = "<group>";
		};
		FABD9F3B224B25F80038D525 /* INfo-PList */ = {
			isa = PBXGroup;
			children = (
				FABD9F35224B25D70038D525 /* Info.plist */,
			);
			path = "INfo-PList";
			sourceTree = "<group>";
		};
		FABD9F3C224B27CD0038D525 /* AppDelegate */ = {
			isa = PBXGroup;
			children = (
				FABD9F3D224B27CD0038D525 /* AppDelegateFunctions.swift */,
				FABD9F3E224B27CD0038D525 /* AppDelegate.swift */,
			);
			path = AppDelegate;
			sourceTree = "<group>";
		};
		FABD9F8F224B28BD0038D525 /* Protocols */ = {
			isa = PBXGroup;
			children = (
				FABD9F97224B290E0038D525 /* ConvertProtocol */,
				FABD9F96224B28FE0038D525 /* Session */,
			);
			name = Protocols;
			sourceTree = "<group>";
		};
		FABD9F96224B28FE0038D525 /* Session */ = {
			isa = PBXGroup;
			children = (
				FABD9F90224B28CC0038D525 /* Session.swift */,
				FABD9F94224B28D90038D525 /* SessionTransferData.swift */,
			);
			name = Session;
			sourceTree = "<group>";
		};
		FABD9F97224B290E0038D525 /* ConvertProtocol */ = {
			isa = PBXGroup;
			children = (
				FABD9F98224B29240038D525 /* ChangeConstraintProtocol.swift */,
				FABD9F9A224B292D0038D525 /* ConverterProtocol.swift */,
			);
			path = ConvertProtocol;
			sourceTree = "<group>";
		};
		FABD9F9E224B29980038D525 /* StringProject */ = {
			isa = PBXGroup;
			children = (
				FABD9F9F224B29A80038D525 /* StringProject.swift */,
			);
			name = StringProject;
			sourceTree = "<group>";
		};
		FABD9FA3224B29EC0038D525 /* Alerts */ = {
			isa = PBXGroup;
			children = (
				FABD9FA4224B29FA0038D525 /* Alerts.swift */,
			);
			path = Alerts;
			sourceTree = "<group>";
		};
		FABD9FAE224B2A560038D525 /* CustomTransition */ = {
			isa = PBXGroup;
			children = (
				FABD9FB0224B2A620038D525 /* CustomTrasition.swift */,
				FABD9FB1224B2A630038D525 /* DismissedAnimation.swift */,
				FABD9FAF224B2A620038D525 /* PresentedAnimation.swift */,
				FABD9FB2224B2A630038D525 /* SupportAnimation.swift */,
			);
			path = CustomTransition;
			sourceTree = "<group>";
		};
		FABD9FB7224B2AAA0038D525 /* ID */ = {
			isa = PBXGroup;
			children = (
				FABD9FCA224B2BB70038D525 /* ID.swift */,
			);
			path = ID;
			sourceTree = "<group>";
		};
		FABD9FB8224B2ABA0038D525 /* Managers */ = {
			isa = PBXGroup;
			children = (
				FABD9FCC224B2BDB0038D525 /* DevicesSize.swift */,
				FABD9FCE224B2BE10038D525 /* LoadJSONManagers.swift */,
				FABD9FD0224B2BEC0038D525 /* NetworkManager.swift */,
			);
			name = Managers;
			sourceTree = "<group>";
		};
		FABD9FB9224B2AC70038D525 /* API */ = {
			isa = PBXGroup;
			children = (
				FABD9FD2224B2C120038D525 /* API.swift */,
				FABD9FD4224B2C270038D525 /* Parameters */,
			);
			name = API;
			sourceTree = "<group>";
		};
		FABD9FBA224B2ACF0038D525 /* Typealiase */ = {
			isa = PBXGroup;
			children = (
				FABD9FD7224B2C520038D525 /* Typealiase.swift */,
			);
			path = Typealiase;
			sourceTree = "<group>";
		};
		FABD9FBB224B2AD70038D525 /* Extension */ = {
			isa = PBXGroup;
			children = (
				FABD9FDC224B2C710038D525 /* Extension + UIStoryboard.swift */,
				FABD9FDE224B2C710038D525 /* Extension + UIResponder.swift */,
				FABD9FDB224B2C700038D525 /* Extension + UIView .swift */,
				FABD9FDA224B2C700038D525 /* Extension + UIViewController.swift */,
				FABD9FDD224B2C710038D525 /* Exyension + UIFont.swift */,
				FABD9FD9224B2C700038D525 /* Extension + UIActivityindicator.swift */,
			);
			name = Extension;
			sourceTree = "<group>";
		};
		FABD9FD4224B2C270038D525 /* Parameters */ = {
			isa = PBXGroup;
			children = (
				FABD9FD5224B2C350038D525 /* Parameters.swift */,
			);
			path = Parameters;
			sourceTree = "<group>";
		};
		FABD9FE5224B2C9A0038D525 /* Resource */ = {
			isa = PBXGroup;
			children = (
				FABD9FE8224B2CB10038D525 /* Assets.xcassets */,
				FABD9FE6224B2CAE0038D525 /* Color.xcassets */,
				FABD9FE7224B2CB10038D525 /* Flag Icon.xcassets */,
				FABD9FE9224B2CB10038D525 /* Icon.xcassets */,
			);
			name = Resource;
			sourceTree = "<group>";
		};
/* End PBXGroup section */

/* Begin PBXNativeTarget section */
		FABD9F25224B25D70038D525 /* GD.Converter */ = {
			isa = PBXNativeTarget;
			buildConfigurationList = FABD9F38224B25D70038D525 /* Build configuration list for PBXNativeTarget "GD.Converter" */;
			buildPhases = (
				89DC16C728FCCBE19D859DFB /* [CP] Check Pods Manifest.lock */,
				FABD9F22224B25D70038D525 /* Sources */,
				FABD9F23224B25D70038D525 /* Frameworks */,
				FABD9F24224B25D70038D525 /* Resources */,
			);
			buildRules = (
			);
			dependencies = (
			);
			name = GD.Converter;
			productName = GD.Converter;
			productReference = FABD9F26224B25D70038D525 /* GD.Converter.app */;
			productType = "com.apple.product-type.application";
		};
/* End PBXNativeTarget section */

/* Begin PBXProject section */
		FABD9F1E224B25D60038D525 /* Project object */ = {
			isa = PBXProject;
			attributes = {
				LastSwiftUpdateCheck = 1020;
				LastUpgradeCheck = 1020;
				ORGANIZATIONNAME = GurobaDeveloper;
				TargetAttributes = {
					FABD9F25224B25D70038D525 = {
						CreatedOnToolsVersion = 10.2;
					};
				};
			};
			buildConfigurationList = FABD9F21224B25D60038D525 /* Build configuration list for PBXProject "GD.Converter" */;
			compatibilityVersion = "Xcode 9.3";
			developmentRegion = en;
			hasScannedForEncodings = 0;
			knownRegions = (
				en,
				Base,
			);
			mainGroup = FABD9F1D224B25D60038D525;
			productRefGroup = FABD9F27224B25D70038D525 /* Products */;
			projectDirPath = "";
			projectRoot = "";
			targets = (
				FABD9F25224B25D70038D525 /* GD.Converter */,
			);
		};
/* End PBXProject section */

/* Begin PBXResourcesBuildPhase section */
		FABD9F24224B25D70038D525 /* Resources */ = {
			isa = PBXResourcesBuildPhase;
			buildActionMask = 2147483647;
			files = (
				FABD9FEA224B2CB10038D525 /* Color.xcassets in Resources */,
				FABD9FEC224B2CB10038D525 /* Assets.xcassets in Resources */,
				FABD9FED224B2CB10038D525 /* Icon.xcassets in Resources */,
				FABD9FEB224B2CB10038D525 /* Flag Icon.xcassets in Resources */,
			);
			runOnlyForDeploymentPostprocessing = 0;
		};
/* End PBXResourcesBuildPhase section */

/* Begin PBXShellScriptBuildPhase section */
		89DC16C728FCCBE19D859DFB /* [CP] Check Pods Manifest.lock */ = {
			isa = PBXShellScriptBuildPhase;
			buildActionMask = 2147483647;
			files = (
			);
			inputFileListPaths = (
			);
			inputPaths = (
				"${PODS_PODFILE_DIR_PATH}/Podfile.lock",
				"${PODS_ROOT}/Manifest.lock",
			);
			name = "[CP] Check Pods Manifest.lock";
			outputFileListPaths = (
			);
			outputPaths = (
				"$(DERIVED_FILE_DIR)/Pods-GD.Converter-checkManifestLockResult.txt",
			);
			runOnlyForDeploymentPostprocessing = 0;
			shellPath = /bin/sh;
			shellScript = "diff \"${PODS_PODFILE_DIR_PATH}/Podfile.lock\" \"${PODS_ROOT}/Manifest.lock\" > /dev/null\nif [ $? != 0 ] ; then\n    # print error to STDERR\n    echo \"error: The sandbox is not in sync with the Podfile.lock. Run 'pod install' or update your CocoaPods installation.\" >&2\n    exit 1\nfi\n# This output is used by Xcode 'outputs' to avoid re-running this script phase.\necho \"SUCCESS\" > \"${SCRIPT_OUTPUT_FILE_0}\"\n";
			showEnvVarsInLog = 0;
		};
/* End PBXShellScriptBuildPhase section */

/* Begin PBXSourcesBuildPhase section */
		FABD9F22224B25D70038D525 /* Sources */ = {
			isa = PBXSourcesBuildPhase;
			buildActionMask = 2147483647;
			files = (
				FABD9FDF224B2C710038D525 /* Extension + UIActivityindicator.swift in Sources */,
				FABD9FCB224B2BB70038D525 /* ID.swift in Sources */,
				FABD9FA0224B29A80038D525 /* StringProject.swift in Sources */,
				FABD9FE4224B2C710038D525 /* Extension + UIResponder.swift in Sources */,
				FABD9FCF224B2BE10038D525 /* LoadJSONManagers.swift in Sources */,
				FABD9FCD224B2BDB0038D525 /* DevicesSize.swift in Sources */,
				FABD9FD1224B2BEC0038D525 /* NetworkManager.swift in Sources */,
				FABD9FB4224B2A630038D525 /* CustomTrasition.swift in Sources */,
				FABD9F9B224B292D0038D525 /* ConverterProtocol.swift in Sources */,
				FABD9FA5224B29FA0038D525 /* Alerts.swift in Sources */,
				FABD9FB6224B2A630038D525 /* SupportAnimation.swift in Sources */,
				FABD9FE2224B2C710038D525 /* Extension + UIStoryboard.swift in Sources */,
				FABD9FB5224B2A630038D525 /* DismissedAnimation.swift in Sources */,
				FABD9FB3224B2A630038D525 /* PresentedAnimation.swift in Sources */,
				FABD9FD8224B2C520038D525 /* Typealiase.swift in Sources */,
				FABD9F40224B27CD0038D525 /* AppDelegate.swift in Sources */,
				FABD9F3F224B27CD0038D525 /* AppDelegateFunctions.swift in Sources */,
				FABD9FE0224B2C710038D525 /* Extension + UIViewController.swift in Sources */,
				FABD9F95224B28D90038D525 /* SessionTransferData.swift in Sources */,
				FABD9F99224B29240038D525 /* ChangeConstraintProtocol.swift in Sources */,
				FABD9FD3224B2C120038D525 /* API.swift in Sources */,
				FABD9F91224B28CC0038D525 /* Session.swift in Sources */,
				FABD9FE3224B2C710038D525 /* Exyension + UIFont.swift in Sources */,
				FABD9FD6224B2C350038D525 /* Parameters.swift in Sources */,
				FABD9FE1224B2C710038D525 /* Extension + UIView .swift in Sources */,
			);
			runOnlyForDeploymentPostprocessing = 0;
		};
/* End PBXSourcesBuildPhase section */

/* Begin XCBuildConfiguration section */
		FABD9F36224B25D70038D525 /* Debug */ = {
			isa = XCBuildConfiguration;
			buildSettings = {
				ALWAYS_SEARCH_USER_PATHS = NO;
				CLANG_ANALYZER_NONNULL = YES;
				CLANG_ANALYZER_NUMBER_OBJECT_CONVERSION = YES_AGGRESSIVE;
				CLANG_CXX_LANGUAGE_STANDARD = "gnu++14";
				CLANG_CXX_LIBRARY = "libc++";
				CLANG_ENABLE_MODULES = YES;
				CLANG_ENABLE_OBJC_ARC = YES;
				CLANG_ENABLE_OBJC_WEAK = YES;
				CLANG_WARN_BLOCK_CAPTURE_AUTORELEASING = YES;
				CLANG_WARN_BOOL_CONVERSION = YES;
				CLANG_WARN_COMMA = YES;
				CLANG_WARN_CONSTANT_CONVERSION = YES;
				CLANG_WARN_DEPRECATED_OBJC_IMPLEMENTATIONS = YES;
				CLANG_WARN_DIRECT_OBJC_ISA_USAGE = YES_ERROR;
				CLANG_WARN_DOCUMENTATION_COMMENTS = YES;
				CLANG_WARN_EMPTY_BODY = YES;
				CLANG_WARN_ENUM_CONVERSION = YES;
				CLANG_WARN_INFINITE_RECURSION = YES;
				CLANG_WARN_INT_CONVERSION = YES;
				CLANG_WARN_NON_LITERAL_NULL_CONVERSION = YES;
				CLANG_WARN_OBJC_IMPLICIT_RETAIN_SELF = YES;
				CLANG_WARN_OBJC_LITERAL_CONVERSION = YES;
				CLANG_WARN_OBJC_ROOT_CLASS = YES_ERROR;
				CLANG_WARN_RANGE_LOOP_ANALYSIS = YES;
				CLANG_WARN_STRICT_PROTOTYPES = YES;
				CLANG_WARN_SUSPICIOUS_MOVE = YES;
				CLANG_WARN_UNGUARDED_AVAILABILITY = YES_AGGRESSIVE;
				CLANG_WARN_UNREACHABLE_CODE = YES;
				CLANG_WARN__DUPLICATE_METHOD_MATCH = YES;
				CODE_SIGN_IDENTITY = "iPhone Developer";
				COPY_PHASE_STRIP = NO;
				DEBUG_INFORMATION_FORMAT = dwarf;
				ENABLE_STRICT_OBJC_MSGSEND = YES;
				ENABLE_TESTABILITY = YES;
				GCC_C_LANGUAGE_STANDARD = gnu11;
				GCC_DYNAMIC_NO_PIC = NO;
				GCC_NO_COMMON_BLOCKS = YES;
				GCC_OPTIMIZATION_LEVEL = 0;
				GCC_PREPROCESSOR_DEFINITIONS = (
					"DEBUG=1",
					"$(inherited)",
				);
				GCC_WARN_64_TO_32_BIT_CONVERSION = YES;
				GCC_WARN_ABOUT_RETURN_TYPE = YES_ERROR;
				GCC_WARN_UNDECLARED_SELECTOR = YES;
				GCC_WARN_UNINITIALIZED_AUTOS = YES_AGGRESSIVE;
				GCC_WARN_UNUSED_FUNCTION = YES;
				GCC_WARN_UNUSED_VARIABLE = YES;
				IPHONEOS_DEPLOYMENT_TARGET = 12.2;
				MTL_ENABLE_DEBUG_INFO = INCLUDE_SOURCE;
				MTL_FAST_MATH = YES;
				ONLY_ACTIVE_ARCH = YES;
				SDKROOT = iphoneos;
				SWIFT_ACTIVE_COMPILATION_CONDITIONS = DEBUG;
				SWIFT_OPTIMIZATION_LEVEL = "-Onone";
			};
			name = Debug;
		};
		FABD9F37224B25D70038D525 /* Release */ = {
			isa = XCBuildConfiguration;
			buildSettings = {
				ALWAYS_SEARCH_USER_PATHS = NO;
				CLANG_ANALYZER_NONNULL = YES;
				CLANG_ANALYZER_NUMBER_OBJECT_CONVERSION = YES_AGGRESSIVE;
				CLANG_CXX_LANGUAGE_STANDARD = "gnu++14";
				CLANG_CXX_LIBRARY = "libc++";
				CLANG_ENABLE_MODULES = YES;
				CLANG_ENABLE_OBJC_ARC = YES;
				CLANG_ENABLE_OBJC_WEAK = YES;
				CLANG_WARN_BLOCK_CAPTURE_AUTORELEASING = YES;
				CLANG_WARN_BOOL_CONVERSION = YES;
				CLANG_WARN_COMMA = YES;
				CLANG_WARN_CONSTANT_CONVERSION = YES;
				CLANG_WARN_DEPRECATED_OBJC_IMPLEMENTATIONS = YES;
				CLANG_WARN_DIRECT_OBJC_ISA_USAGE = YES_ERROR;
				CLANG_WARN_DOCUMENTATION_COMMENTS = YES;
				CLANG_WARN_EMPTY_BODY = YES;
				CLANG_WARN_ENUM_CONVERSION = YES;
				CLANG_WARN_INFINITE_RECURSION = YES;
				CLANG_WARN_INT_CONVERSION = YES;
				CLANG_WARN_NON_LITERAL_NULL_CONVERSION = YES;
				CLANG_WARN_OBJC_IMPLICIT_RETAIN_SELF = YES;
				CLANG_WARN_OBJC_LITERAL_CONVERSION = YES;
				CLANG_WARN_OBJC_ROOT_CLASS = YES_ERROR;
				CLANG_WARN_RANGE_LOOP_ANALYSIS = YES;
				CLANG_WARN_STRICT_PROTOTYPES = YES;
				CLANG_WARN_SUSPICIOUS_MOVE = YES;
				CLANG_WARN_UNGUARDED_AVAILABILITY = YES_AGGRESSIVE;
				CLANG_WARN_UNREACHABLE_CODE = YES;
				CLANG_WARN__DUPLICATE_METHOD_MATCH = YES;
				CODE_SIGN_IDENTITY = "iPhone Developer";
				COPY_PHASE_STRIP = NO;
				DEBUG_INFORMATION_FORMAT = "dwarf-with-dsym";
				ENABLE_NS_ASSERTIONS = NO;
				ENABLE_STRICT_OBJC_MSGSEND = YES;
				GCC_C_LANGUAGE_STANDARD = gnu11;
				GCC_NO_COMMON_BLOCKS = YES;
				GCC_WARN_64_TO_32_BIT_CONVERSION = YES;
				GCC_WARN_ABOUT_RETURN_TYPE = YES_ERROR;
				GCC_WARN_UNDECLARED_SELECTOR = YES;
				GCC_WARN_UNINITIALIZED_AUTOS = YES_AGGRESSIVE;
				GCC_WARN_UNUSED_FUNCTION = YES;
				GCC_WARN_UNUSED_VARIABLE = YES;
				IPHONEOS_DEPLOYMENT_TARGET = 12.2;
				MTL_ENABLE_DEBUG_INFO = NO;
				MTL_FAST_MATH = YES;
				SDKROOT = iphoneos;
				SWIFT_COMPILATION_MODE = wholemodule;
				SWIFT_OPTIMIZATION_LEVEL = "-O";
				VALIDATE_PRODUCT = YES;
			};
			name = Release;
		};
		FABD9F39224B25D70038D525 /* Debug */ = {
			isa = XCBuildConfiguration;
			baseConfigurationReference = 6BD53AD6613AFCAE5D5E1B22 /* Pods-GD.Converter.debug.xcconfig */;
			buildSettings = {
				ASSETCATALOG_COMPILER_APPICON_NAME = AppIcon;
				CODE_SIGN_STYLE = Automatic;
				DEVELOPMENT_TEAM = A4WXPEY3A4;
				INFOPLIST_FILE = "$(SRCROOT)/GD.Converter/INfo-PList/Info.plist";
				LD_RUNPATH_SEARCH_PATHS = (
					"$(inherited)",
					"@executable_path/Frameworks",
				);
				PRODUCT_BUNDLE_IDENTIFIER = "GurobaDevelopers.GD-Converter";
				PRODUCT_NAME = "$(TARGET_NAME)";
				SWIFT_VERSION = 5.0;
				TARGETED_DEVICE_FAMILY = "1,2";
			};
			name = Debug;
		};
		FABD9F3A224B25D70038D525 /* Release */ = {
			isa = XCBuildConfiguration;
			baseConfigurationReference = D223B2E2986FCF1603EB5ED5 /* Pods-GD.Converter.release.xcconfig */;
			buildSettings = {
				ASSETCATALOG_COMPILER_APPICON_NAME = AppIcon;
				CODE_SIGN_STYLE = Automatic;
				DEVELOPMENT_TEAM = A4WXPEY3A4;
				INFOPLIST_FILE = "$(SRCROOT)/GD.Converter/INfo-PList/Info.plist";
				LD_RUNPATH_SEARCH_PATHS = (
					"$(inherited)",
					"@executable_path/Frameworks",
				);
				PRODUCT_BUNDLE_IDENTIFIER = "GurobaDevelopers.GD-Converter";
				PRODUCT_NAME = "$(TARGET_NAME)";
				SWIFT_VERSION = 5.0;
				TARGETED_DEVICE_FAMILY = "1,2";
			};
			name = Release;
		};
/* End XCBuildConfiguration section */

/* Begin XCConfigurationList section */
		FABD9F21224B25D60038D525 /* Build configuration list for PBXProject "GD.Converter" */ = {
			isa = XCConfigurationList;
			buildConfigurations = (
				FABD9F36224B25D70038D525 /* Debug */,
				FABD9F37224B25D70038D525 /* Release */,
			);
			defaultConfigurationIsVisible = 0;
			defaultConfigurationName = Release;
		};
		FABD9F38224B25D70038D525 /* Build configuration list for PBXNativeTarget "GD.Converter" */ = {
			isa = XCConfigurationList;
			buildConfigurations = (
				FABD9F39224B25D70038D525 /* Debug */,
				FABD9F3A224B25D70038D525 /* Release */,
			);
			defaultConfigurationIsVisible = 0;
			defaultConfigurationName = Release;
		};
/* End XCConfigurationList section */
	};
	rootObject = FABD9F1E224B25D60038D525 /* Project object */;
}
